
Microsoft Visual Studio Solution File, Format Version 12.00
# Visual Studio 2013
VisualStudioVersion = 12.0.21005.1
MinimumVisualStudioVersion = 10.0.40219.1
Project("{FAE04EC0-301F-11D3-BF4B-00C04F79EFBC}") = "sample", "sample\sample.csproj", "{1D545DCB-008C-403D-AC24-75826131F6B7}"
EndProject
Project("{FAE04EC0-301F-11D3-BF4B-00C04F79EFBC}") = "sample.tests", "sample.tests\sample.tests.csproj", "{A7AF7B2F-DBCC-43AD-BCB7-E161FB8385D4}"
EndProject
Project("{FAE04EC0-301F-11D3-BF4B-00C04F79EFBC}") = "auat.framework", "auat.framework\auat.framework.csproj", "{487FBB48-1318-4EA4-9654-49285A828B75}"
EndProject
Global
	GlobalSection(SolutionConfigurationPlatforms) = preSolution
		Debug|Any CPU = Debug|Any CPU
		Release|Any CPU = Release|Any CPU
	EndGlobalSection
	GlobalSection(ProjectConfigurationPlatforms) = postSolution
		{1D545DCB-008C-403D-AC24-75826131F6B7}.Debug|Any CPU.ActiveCfg = Debug|Any CPU
		{1D545DCB-008C-403D-AC24-75826131F6B7}.Debug|Any CPU.Build.0 = Debug|Any CPU
		{1D545DCB-008C-403D-AC24-75826131F6B7}.Release|Any CPU.ActiveCfg = Release|Any CPU
		{1D545DCB-008C-403D-AC24-75826131F6B7}.Release|Any CPU.Build.0 = Release|Any CPU
		{A7AF7B2F-DBCC-43AD-BCB7-E161FB8385D4}.Debug|Any CPU.ActiveCfg = Debug|Any CPU
		{A7AF7B2F-DBCC-43AD-BCB7-E161FB8385D4}.Debug|Any CPU.Build.0 = Debug|Any CPU
		{A7AF7B2F-DBCC-43AD-BCB7-E161FB8385D4}.Release|Any CPU.ActiveCfg = Release|Any CPU
		{A7AF7B2F-DBCC-43AD-BCB7-E161FB8385D4}.Release|Any CPU.Build.0 = Release|Any CPU
		{487FBB48-1318-4EA4-9654-49285A828B75}.Debug|Any CPU.ActiveCfg = Debug|Any CPU
		{487FBB48-1318-4EA4-9654-49285A828B75}.Debug|Any CPU.Build.0 = Debug|Any CPU
		{487FBB48-1318-4EA4-9654-49285A828B75}.Release|Any CPU.ActiveCfg = Release|Any CPU
		{487FBB48-1318-4EA4-9654-49285A828B75}.Release|Any CPU.Build.0 = Release|Any CPU
	EndGlobalSection
	GlobalSection(SolutionProperties) = preSolution
		HideSolutionNode = FALSE
	EndGlobalSection
EndGlobal
